
Microsoft Visual Studio Solution File, Format Version 12.00
# Visual Studio Version 16
VisualStudioVersion = 16.0.31313.79
MinimumVisualStudioVersion = 10.0.40219.1
Project("{FAE04EC0-301F-11D3-BF4B-00C04F79EFBC}") = "WebSiteCompanyWithAdminplace", "WebSiteCompanyWithAdminplace\WebSiteCompanyWithAdminplace.csproj", "{EF4ABC12-7BEE-4E0B-9E32-A5063ADC0EF4}"
EndProject
Global
	GlobalSection(SolutionConfigurationPlatforms) = preSolution
		Debug|Any CPU = Debug|Any CPU
		Release|Any CPU = Release|Any CPU
	EndGlobalSection
	GlobalSection(ProjectConfigurationPlatforms) = postSolution
		{EF4ABC12-7BEE-4E0B-9E32-A5063ADC0EF4}.Debug|Any CPU.ActiveCfg = Debug|Any CPU
		{EF4ABC12-7BEE-4E0B-9E32-A5063ADC0EF4}.Debug|Any CPU.Build.0 = Debug|Any CPU
		{EF4ABC12-7BEE-4E0B-9E32-A5063ADC0EF4}.Release|Any CPU.ActiveCfg = Release|Any CPU
		{EF4ABC12-7BEE-4E0B-9E32-A5063ADC0EF4}.Release|Any CPU.Build.0 = Release|Any CPU
	EndGlobalSection
	GlobalSection(SolutionProperties) = preSolution
		HideSolutionNode = FALSE
	EndGlobalSection
	GlobalSection(ExtensibilityGlobals) = postSolution
		SolutionGuid = {5DED9D70-3C23-414C-8C91-D04625EFBFD3}
	EndGlobalSection
EndGlobal
